{
  "version": 4,
  "terraform_version": "0.12.20",
  "serial": 60,
  "lineage": "8774b101-ab09-d257-9758-e6e16957b431",
  "outputs": {
    "kubeone_api": {
      "value": {
        "endpoint": "alwang85-udagram-demo-api-lb-7c03523d5597e977.elb.us-east-1.amazonaws.com"
      },
      "type": [
        "object",
        {
          "endpoint": "string"
        }
      ]
    },
    "kubeone_hosts": {
      "value": {
        "control_plane": {
          "cloud_provider": "aws",
          "cluster_name": "alwang85-udagram-demo",
          "hostnames": [
            "ip-172-31-30-201.ec2.internal",
            "ip-172-31-47-22.ec2.internal",
            "ip-172-31-8-7.ec2.internal"
          ],
          "private_address": [
            "172.31.30.201",
            "172.31.47.22",
            "172.31.8.7"
          ],
          "public_address": [
            "184.73.19.216",
            "3.85.144.174",
            "18.204.35.88"
          ],
          "ssh_agent_socket": "env:SSH_AUTH_SOCK",
          "ssh_port": 22,
          "ssh_private_key_file": "",
          "ssh_user": "ubuntu"
        }
      },
      "type": [
        "object",
        {
          "control_plane": [
            "object",
            {
              "cloud_provider": "string",
              "cluster_name": "string",
              "hostnames": [
                "tuple",
                [
                  "string",
                  "string",
                  "string"
                ]
              ],
              "private_address": [
                "tuple",
                [
                  "string",
                  "string",
                  "string"
                ]
              ],
              "public_address": [
                "tuple",
                [
                  "string",
                  "string",
                  "string"
                ]
              ],
              "ssh_agent_socket": "string",
              "ssh_port": "number",
              "ssh_private_key_file": "string",
              "ssh_user": "string"
            }
          ]
        }
      ]
    },
    "kubeone_workers": {
      "value": {
        "alwang85-udagram-demo-pool1": {
          "providerSpec": {
            "cloudProviderSpec": {
              "ami": "ami-046842448f9e74e7d",
              "availabilityZone": "us-east-1a",
              "diskIops": 500,
              "diskSize": 50,
              "diskType": "gp2",
              "instanceProfile": "alwang85-udagram-demo-host",
              "instanceType": "t3.medium",
              "region": "us-east-1",
              "securityGroupIDs": [
                "sg-02b6f7468f68af18c"
              ],
              "subnetId": "subnet-d87ddd95",
              "tags": {
                "alwang85-udagram-demo-workers": "pool1"
              },
              "vpcId": "vpc-fb7a5681"
            },
            "operatingSystem": "ubuntu",
            "operatingSystemSpec": {
              "distUpgradeOnBoot": false
            },
            "sshPublicKeys": [
              "ssh-rsa AAAAB3NzaC1yc2EAAAADAQABAAACAQC/HDwxao2LaZs8lQxPjC8/5dGe30C+Ilf6QYbfbtK8aLleOfu8Q74kegMpPHEUl1WdLL4FR7KWLYN4plgEstlcglYv8wYcgtS0nFEDy1u4xEDQzeJCO9iAe16coFf3bNCqd2FUCqwlIxX5XQ5RYd+KDiOjRaiAw8CyZDdlWJ7DxPwjkYdwuxzTgZKHnpagjAuIe2Q/5qxuTN+wSYc8bPgMrt1wz1xofeK7iMNMkd4tvllq2S3Q1lScbCUEEJaq8plrIu5qroP5mVrg2dVfdrugFPHaCPfD+jNao+hH4MKvPlYHOZk46hyt0nUZbQY6O5YAN3QkMUZjwjH8HebnMZ3h57/5ETiw0IIdBDotMBOFc6IwBN5b0F4pX477WT5bNHb0e4k5AnjkKTPAUNbwJPsn5fnJpkDQigAlxAccAh/shuRYxeXZQwKUQV+CxwIpm+skRo/dTU3RC1TwByyu5jQQ+Y1KIgVhTa0NGFGvlXMzQR3OM7Gx5AizvWvjyoir/OswD0fbMVG07oFR6BRRGoUOwama2UCh6A0PButG6JSXtfGJBBwhZRt2kp1xpvfPPp0GRsmpvlTOATxYauhJ50260+FHZKaO+tu9XP3/6gNoZGJsGAbpzf6MMTQI/P/z7j5Ql629ZZFOuxOZIjrmJpkDKVlv3bC9RVZn3NrCxiQMfQ== alwang85@gmail.com"
            ]
          },
          "replicas": 1
        }
      },
      "type": [
        "object",
        {
          "alwang85-udagram-demo-pool1": [
            "object",
            {
              "providerSpec": [
                "object",
                {
                  "cloudProviderSpec": [
                    "object",
                    {
                      "ami": "string",
                      "availabilityZone": "string",
                      "diskIops": "number",
                      "diskSize": "number",
                      "diskType": "string",
                      "instanceProfile": "string",
                      "instanceType": "string",
                      "region": "string",
                      "securityGroupIDs": [
                        "tuple",
                        [
                          "string"
                        ]
                      ],
                      "subnetId": "string",
                      "tags": [
                        "object",
                        {
                          "alwang85-udagram-demo-workers": "string"
                        }
                      ],
                      "vpcId": "string"
                    }
                  ],
                  "operatingSystem": "string",
                  "operatingSystemSpec": [
                    "object",
                    {
                      "distUpgradeOnBoot": "bool"
                    }
                  ],
                  "sshPublicKeys": [
                    "tuple",
                    [
                      "string"
                    ]
                  ]
                }
              ],
              "replicas": "number"
            }
          ]
        }
      ]
    }
  },
  "resources": [
    {
      "mode": "data",
      "type": "aws_ami",
      "name": "ubuntu",
      "provider": "provider.aws",
      "instances": [
        {
          "schema_version": 0,
          "attributes": {
            "architecture": "x86_64",
            "block_device_mappings": [
              {
                "device_name": "/dev/sda1",
                "ebs": {
                  "delete_on_termination": "true",
                  "encrypted": "false",
                  "iops": "0",
                  "snapshot_id": "snap-0af0f13b19df83ebd",
                  "volume_size": "8",
                  "volume_type": "gp2"
                },
                "no_device": "",
                "virtual_name": ""
              },
              {
                "device_name": "/dev/sdb",
                "ebs": {},
                "no_device": "",
                "virtual_name": "ephemeral0"
              },
              {
                "device_name": "/dev/sdc",
                "ebs": {},
                "no_device": "",
                "virtual_name": "ephemeral1"
              }
            ],
            "creation_date": "2020-02-04T18:51:51.000Z",
            "description": "Canonical, Ubuntu, 18.04 LTS, amd64 bionic image build on 2020-01-31",
            "executable_users": null,
            "filter": [
              {
                "name": "name",
                "values": [
                  "ubuntu/images/hvm-ssd/ubuntu-bionic-18.04-amd64-server-*"
                ]
              },
              {
                "name": "virtualization-type",
                "values": [
                  "hvm"
                ]
              }
            ],
            "hypervisor": "xen",
            "id": "ami-046842448f9e74e7d",
            "image_id": "ami-046842448f9e74e7d",
            "image_location": "099720109477/ubuntu/images/hvm-ssd/ubuntu-bionic-18.04-amd64-server-20200131",
            "image_owner_alias": null,
            "image_type": "machine",
            "kernel_id": null,
            "most_recent": true,
            "name": "ubuntu/images/hvm-ssd/ubuntu-bionic-18.04-amd64-server-20200131",
            "name_regex": null,
            "owner_id": "099720109477",
            "owners": [
              "099720109477"
            ],
            "platform": null,
            "product_codes": [],
            "public": true,
            "ramdisk_id": null,
            "root_device_name": "/dev/sda1",
            "root_device_type": "ebs",
            "root_snapshot_id": "snap-0af0f13b19df83ebd",
            "sriov_net_support": "simple",
            "state": "available",
            "state_reason": {
              "code": "UNSET",
              "message": "UNSET"
            },
            "tags": {},
            "virtualization_type": "hvm"
          }
        }
      ]
    },
    {
      "mode": "data",
      "type": "aws_availability_zones",
      "name": "available",
      "provider": "provider.aws",
      "instances": [
        {
          "schema_version": 0,
          "attributes": {
            "blacklisted_names": null,
            "blacklisted_zone_ids": null,
            "id": "2020-02-17 06:09:42.809246 +0000 UTC",
            "names": [
              "us-east-1a",
              "us-east-1b",
              "us-east-1c",
              "us-east-1d",
              "us-east-1e",
              "us-east-1f"
            ],
            "state": null,
            "zone_ids": [
              "use1-az4",
              "use1-az6",
              "use1-az1",
              "use1-az2",
              "use1-az3",
              "use1-az5"
            ]
          }
        }
      ]
    },
    {
      "mode": "data",
      "type": "aws_subnet",
      "name": "az_a",
      "provider": "provider.aws",
      "instances": [
        {
          "schema_version": 0,
          "attributes": {
            "arn": "arn:aws:ec2:us-east-1:411627724078:subnet/subnet-d87ddd95",
            "assign_ipv6_address_on_creation": false,
            "availability_zone": "us-east-1a",
            "availability_zone_id": "use1-az4",
            "cidr_block": "172.31.16.0/20",
            "default_for_az": true,
            "filter": null,
            "id": "subnet-d87ddd95",
            "ipv6_cidr_block": null,
            "ipv6_cidr_block_association_id": null,
            "map_public_ip_on_launch": true,
            "owner_id": "411627724078",
            "state": "available",
            "tags": {},
            "vpc_id": "vpc-fb7a5681"
          }
        }
      ]
    },
    {
      "mode": "data",
      "type": "aws_subnet",
      "name": "az_b",
      "provider": "provider.aws",
      "instances": [
        {
          "schema_version": 0,
          "attributes": {
            "arn": "arn:aws:ec2:us-east-1:411627724078:subnet/subnet-a7c1dcfb",
            "assign_ipv6_address_on_creation": false,
            "availability_zone": "us-east-1b",
            "availability_zone_id": "use1-az6",
            "cidr_block": "172.31.32.0/20",
            "default_for_az": true,
            "filter": null,
            "id": "subnet-a7c1dcfb",
            "ipv6_cidr_block": null,
            "ipv6_cidr_block_association_id": null,
            "map_public_ip_on_launch": true,
            "owner_id": "411627724078",
            "state": "available",
            "tags": {},
            "vpc_id": "vpc-fb7a5681"
          }
        }
      ]
    },
    {
      "mode": "data",
      "type": "aws_subnet",
      "name": "az_c",
      "provider": "provider.aws",
      "instances": [
        {
          "schema_version": 0,
          "attributes": {
            "arn": "arn:aws:ec2:us-east-1:411627724078:subnet/subnet-23766644",
            "assign_ipv6_address_on_creation": false,
            "availability_zone": "us-east-1c",
            "availability_zone_id": "use1-az1",
            "cidr_block": "172.31.0.0/20",
            "default_for_az": true,
            "filter": null,
            "id": "subnet-23766644",
            "ipv6_cidr_block": null,
            "ipv6_cidr_block_association_id": null,
            "map_public_ip_on_launch": true,
            "owner_id": "411627724078",
            "state": "available",
            "tags": {},
            "vpc_id": "vpc-fb7a5681"
          }
        }
      ]
    },
    {
      "mode": "data",
      "type": "aws_subnet_ids",
      "name": "default",
      "provider": "provider.aws",
      "instances": [
        {
          "schema_version": 0,
          "attributes": {
            "filter": null,
            "id": "vpc-fb7a5681",
            "ids": [
              "subnet-23766644",
              "subnet-6ae72d64",
              "subnet-7298875c",
              "subnet-a7c1dcfb",
              "subnet-cba387f5",
              "subnet-d87ddd95"
            ],
            "tags": null,
            "vpc_id": "vpc-fb7a5681"
          }
        }
      ]
    },
    {
      "mode": "managed",
      "type": "aws_default_vpc",
      "name": "default",
      "provider": "provider.aws",
      "instances": [
        {
          "schema_version": 1,
          "attributes": {
            "arn": "arn:aws:ec2:us-east-1:411627724078:vpc/vpc-fb7a5681",
            "assign_generated_ipv6_cidr_block": false,
            "cidr_block": "172.31.0.0/16",
            "default_network_acl_id": "acl-66ca5d1b",
            "default_route_table_id": "rtb-47e54e39",
            "default_security_group_id": "sg-1b31f132",
            "dhcp_options_id": "dopt-bf7bb5c5",
            "enable_classiclink": false,
            "enable_classiclink_dns_support": false,
            "enable_dns_hostnames": true,
            "enable_dns_support": true,
            "id": "vpc-fb7a5681",
            "instance_tenancy": "default",
            "ipv6_association_id": "",
            "ipv6_cidr_block": "",
            "main_route_table_id": "rtb-47e54e39",
            "owner_id": "411627724078",
            "tags": null
          },
          "private": "eyJzY2hlbWFfdmVyc2lvbiI6IjEifQ=="
        }
      ]
    },
    {
      "mode": "managed",
      "type": "aws_iam_instance_profile",
      "name": "profile",
      "provider": "provider.aws",
      "instances": [
        {
          "schema_version": 0,
          "attributes": {
            "arn": "arn:aws:iam::411627724078:instance-profile/alwang85-udagram-demo-host",
            "create_date": "2020-02-17T06:09:47Z",
            "id": "alwang85-udagram-demo-host",
            "name": "alwang85-udagram-demo-host",
            "name_prefix": null,
            "path": "/",
            "role": "alwang85-udagram-demo-host",
            "roles": [],
            "unique_id": "AIPAV7VXMTUXLJNBX7HSV"
          },
          "private": "bnVsbA==",
          "dependencies": [
            "aws_iam_role.role"
          ]
        }
      ]
    },
    {
      "mode": "managed",
      "type": "aws_iam_role",
      "name": "role",
      "provider": "provider.aws",
      "instances": [
        {
          "schema_version": 0,
          "attributes": {
            "arn": "arn:aws:iam::411627724078:role/alwang85-udagram-demo-host",
            "assume_role_policy": "{\"Version\":\"2012-10-17\",\"Statement\":[{\"Sid\":\"\",\"Effect\":\"Allow\",\"Principal\":{\"Service\":\"ec2.amazonaws.com\"},\"Action\":\"sts:AssumeRole\"}]}",
            "create_date": "2020-02-17T06:09:47Z",
            "description": "",
            "force_detach_policies": false,
            "id": "alwang85-udagram-demo-host",
            "max_session_duration": 3600,
            "name": "alwang85-udagram-demo-host",
            "name_prefix": null,
            "path": "/",
            "permissions_boundary": null,
            "tags": null,
            "unique_id": "AROAV7VXMTUXDY2HDKOHQ"
          },
          "private": "bnVsbA=="
        }
      ]
    },
    {
      "mode": "managed",
      "type": "aws_iam_role_policy",
      "name": "policy",
      "provider": "provider.aws",
      "instances": [
        {
          "schema_version": 0,
          "attributes": {
            "id": "alwang85-udagram-demo-host:alwang85-udagram-demo-host",
            "name": "alwang85-udagram-demo-host",
            "name_prefix": null,
            "policy": "{\n  \"Version\": \"2012-10-17\",\n  \"Statement\": [\n    {\n      \"Effect\": \"Allow\",\n      \"Action\": [\"ec2:*\"],\n      \"Resource\": [\"*\"]\n    },\n    {\n      \"Effect\": \"Allow\",\n      \"Action\": [\"elasticloadbalancing:*\"],\n      \"Resource\": [\"*\"]\n    }\n  ]\n}\n",
            "role": "alwang85-udagram-demo-host"
          },
          "private": "bnVsbA==",
          "dependencies": [
            "aws_iam_role.role"
          ]
        }
      ]
    },
    {
      "mode": "managed",
      "type": "aws_instance",
      "name": "control_plane",
      "each": "list",
      "provider": "provider.aws",
      "instances": [
        {
          "index_key": 0,
          "schema_version": 1,
          "attributes": {
            "ami": "ami-046842448f9e74e7d",
            "arn": "arn:aws:ec2:us-east-1:411627724078:instance/i-0e695164f4616a34d",
            "associate_public_ip_address": true,
            "availability_zone": "us-east-1a",
            "cpu_core_count": 1,
            "cpu_threads_per_core": 2,
            "credit_specification": [
              {
                "cpu_credits": "unlimited"
              }
            ],
            "disable_api_termination": false,
            "ebs_block_device": [],
            "ebs_optimized": true,
            "ephemeral_block_device": [],
            "get_password_data": false,
            "hibernation": false,
            "host_id": null,
            "iam_instance_profile": "alwang85-udagram-demo-host",
            "id": "i-0e695164f4616a34d",
            "instance_initiated_shutdown_behavior": null,
            "instance_state": "running",
            "instance_type": "t3.medium",
            "ipv6_address_count": 0,
            "ipv6_addresses": [],
            "key_name": "alwang85-udagram-demo-deployer-key",
            "monitoring": false,
            "network_interface": [],
            "network_interface_id": null,
            "password_data": "",
            "placement_group": "",
            "primary_network_interface_id": "eni-081cabdc14945afe1",
            "private_dns": "ip-172-31-30-201.ec2.internal",
            "private_ip": "172.31.30.201",
            "public_dns": "ec2-184-73-19-216.compute-1.amazonaws.com",
            "public_ip": "184.73.19.216",
            "root_block_device": [
              {
                "delete_on_termination": true,
                "encrypted": false,
                "iops": 300,
                "kms_key_id": "",
                "volume_id": "vol-0e4b2deface61bdd2",
                "volume_size": 100,
                "volume_type": "gp2"
              }
            ],
            "security_groups": [
              "alwang85-udagram-demo-common",
              "alwang85-udagram-demo-control_planes"
            ],
            "source_dest_check": true,
            "subnet_id": "subnet-d87ddd95",
            "tags": {
              "Name": "alwang85-udagram-demo-control_plane-1",
              "kubernetes.io/cluster/alwang85-udagram-demo": "shared"
            },
            "tenancy": "default",
            "timeouts": null,
            "user_data": null,
            "user_data_base64": null,
            "volume_tags": {},
            "vpc_security_group_ids": [
              "sg-02b6f7468f68af18c",
              "sg-0e39e3060d2001233"
            ]
          },
          "private": "eyJlMmJmYjczMC1lY2FhLTExZTYtOGY4OC0zNDM2M2JjN2M0YzAiOnsiY3JlYXRlIjo2MDAwMDAwMDAwMDAsImRlbGV0ZSI6MTIwMDAwMDAwMDAwMCwidXBkYXRlIjo2MDAwMDAwMDAwMDB9LCJzY2hlbWFfdmVyc2lvbiI6IjEifQ==",
          "dependencies": [
            "aws_default_vpc.default",
            "aws_iam_instance_profile.profile",
            "aws_iam_role.role",
            "aws_key_pair.deployer",
            "aws_security_group.common",
            "aws_security_group.control_plane"
          ]
        },
        {
          "index_key": 1,
          "schema_version": 1,
          "attributes": {
            "ami": "ami-046842448f9e74e7d",
            "arn": "arn:aws:ec2:us-east-1:411627724078:instance/i-0942c660677479f0c",
            "associate_public_ip_address": true,
            "availability_zone": "us-east-1b",
            "cpu_core_count": 1,
            "cpu_threads_per_core": 2,
            "credit_specification": [
              {
                "cpu_credits": "unlimited"
              }
            ],
            "disable_api_termination": false,
            "ebs_block_device": [],
            "ebs_optimized": true,
            "ephemeral_block_device": [],
            "get_password_data": false,
            "hibernation": false,
            "host_id": null,
            "iam_instance_profile": "alwang85-udagram-demo-host",
            "id": "i-0942c660677479f0c",
            "instance_initiated_shutdown_behavior": null,
            "instance_state": "running",
            "instance_type": "t3.medium",
            "ipv6_address_count": 0,
            "ipv6_addresses": [],
            "key_name": "alwang85-udagram-demo-deployer-key",
            "monitoring": false,
            "network_interface": [],
            "network_interface_id": null,
            "password_data": "",
            "placement_group": "",
            "primary_network_interface_id": "eni-02bc2339c4ad696f6",
            "private_dns": "ip-172-31-47-22.ec2.internal",
            "private_ip": "172.31.47.22",
            "public_dns": "ec2-3-85-144-174.compute-1.amazonaws.com",
            "public_ip": "3.85.144.174",
            "root_block_device": [
              {
                "delete_on_termination": true,
                "encrypted": false,
                "iops": 300,
                "kms_key_id": "",
                "volume_id": "vol-0d4faf1bdcb6721fe",
                "volume_size": 100,
                "volume_type": "gp2"
              }
            ],
            "security_groups": [
              "alwang85-udagram-demo-common",
              "alwang85-udagram-demo-control_planes"
            ],
            "source_dest_check": true,
            "subnet_id": "subnet-a7c1dcfb",
            "tags": {
              "Name": "alwang85-udagram-demo-control_plane-2",
              "kubernetes.io/cluster/alwang85-udagram-demo": "shared"
            },
            "tenancy": "default",
            "timeouts": null,
            "user_data": null,
            "user_data_base64": null,
            "volume_tags": {},
            "vpc_security_group_ids": [
              "sg-02b6f7468f68af18c",
              "sg-0e39e3060d2001233"
            ]
          },
          "private": "eyJlMmJmYjczMC1lY2FhLTExZTYtOGY4OC0zNDM2M2JjN2M0YzAiOnsiY3JlYXRlIjo2MDAwMDAwMDAwMDAsImRlbGV0ZSI6MTIwMDAwMDAwMDAwMCwidXBkYXRlIjo2MDAwMDAwMDAwMDB9LCJzY2hlbWFfdmVyc2lvbiI6IjEifQ==",
          "dependencies": [
            "aws_default_vpc.default",
            "aws_iam_instance_profile.profile",
            "aws_iam_role.role",
            "aws_key_pair.deployer",
            "aws_security_group.common",
            "aws_security_group.control_plane"
          ]
        },
        {
          "index_key": 2,
          "schema_version": 1,
          "attributes": {
            "ami": "ami-046842448f9e74e7d",
            "arn": "arn:aws:ec2:us-east-1:411627724078:instance/i-0b3bc67325dc64103",
            "associate_public_ip_address": true,
            "availability_zone": "us-east-1c",
            "cpu_core_count": 1,
            "cpu_threads_per_core": 2,
            "credit_specification": [
              {
                "cpu_credits": "unlimited"
              }
            ],
            "disable_api_termination": false,
            "ebs_block_device": [],
            "ebs_optimized": true,
            "ephemeral_block_device": [],
            "get_password_data": false,
            "hibernation": false,
            "host_id": null,
            "iam_instance_profile": "alwang85-udagram-demo-host",
            "id": "i-0b3bc67325dc64103",
            "instance_initiated_shutdown_behavior": null,
            "instance_state": "running",
            "instance_type": "t3.medium",
            "ipv6_address_count": 0,
            "ipv6_addresses": [],
            "key_name": "alwang85-udagram-demo-deployer-key",
            "monitoring": false,
            "network_interface": [],
            "network_interface_id": null,
            "password_data": "",
            "placement_group": "",
            "primary_network_interface_id": "eni-0e938b78ff472b619",
            "private_dns": "ip-172-31-8-7.ec2.internal",
            "private_ip": "172.31.8.7",
            "public_dns": "ec2-18-204-35-88.compute-1.amazonaws.com",
            "public_ip": "18.204.35.88",
            "root_block_device": [
              {
                "delete_on_termination": true,
                "encrypted": false,
                "iops": 300,
                "kms_key_id": "",
                "volume_id": "vol-059bd25cc2833d2c6",
                "volume_size": 100,
                "volume_type": "gp2"
              }
            ],
            "security_groups": [
              "alwang85-udagram-demo-common",
              "alwang85-udagram-demo-control_planes"
            ],
            "source_dest_check": true,
            "subnet_id": "subnet-23766644",
            "tags": {
              "Name": "alwang85-udagram-demo-control_plane-3",
              "kubernetes.io/cluster/alwang85-udagram-demo": "shared"
            },
            "tenancy": "default",
            "timeouts": null,
            "user_data": null,
            "user_data_base64": null,
            "volume_tags": {},
            "vpc_security_group_ids": [
              "sg-02b6f7468f68af18c",
              "sg-0e39e3060d2001233"
            ]
          },
          "private": "eyJlMmJmYjczMC1lY2FhLTExZTYtOGY4OC0zNDM2M2JjN2M0YzAiOnsiY3JlYXRlIjo2MDAwMDAwMDAwMDAsImRlbGV0ZSI6MTIwMDAwMDAwMDAwMCwidXBkYXRlIjo2MDAwMDAwMDAwMDB9LCJzY2hlbWFfdmVyc2lvbiI6IjEifQ==",
          "dependencies": [
            "aws_default_vpc.default",
            "aws_iam_instance_profile.profile",
            "aws_iam_role.role",
            "aws_key_pair.deployer",
            "aws_security_group.common",
            "aws_security_group.control_plane"
          ]
        }
      ]
    },
    {
      "mode": "managed",
      "type": "aws_key_pair",
      "name": "deployer",
      "provider": "provider.aws",
      "instances": [
        {
          "schema_version": 1,
          "attributes": {
            "fingerprint": "c4:e6:f6:51:ef:09:2b:bb:cc:13:86:22:78:0c:b0:43",
            "id": "alwang85-udagram-demo-deployer-key",
            "key_name": "alwang85-udagram-demo-deployer-key",
            "key_name_prefix": null,
            "key_pair_id": "key-0ebf44955ff58163e",
            "public_key": "ssh-rsa AAAAB3NzaC1yc2EAAAADAQABAAACAQC/HDwxao2LaZs8lQxPjC8/5dGe30C+Ilf6QYbfbtK8aLleOfu8Q74kegMpPHEUl1WdLL4FR7KWLYN4plgEstlcglYv8wYcgtS0nFEDy1u4xEDQzeJCO9iAe16coFf3bNCqd2FUCqwlIxX5XQ5RYd+KDiOjRaiAw8CyZDdlWJ7DxPwjkYdwuxzTgZKHnpagjAuIe2Q/5qxuTN+wSYc8bPgMrt1wz1xofeK7iMNMkd4tvllq2S3Q1lScbCUEEJaq8plrIu5qroP5mVrg2dVfdrugFPHaCPfD+jNao+hH4MKvPlYHOZk46hyt0nUZbQY6O5YAN3QkMUZjwjH8HebnMZ3h57/5ETiw0IIdBDotMBOFc6IwBN5b0F4pX477WT5bNHb0e4k5AnjkKTPAUNbwJPsn5fnJpkDQigAlxAccAh/shuRYxeXZQwKUQV+CxwIpm+skRo/dTU3RC1TwByyu5jQQ+Y1KIgVhTa0NGFGvlXMzQR3OM7Gx5AizvWvjyoir/OswD0fbMVG07oFR6BRRGoUOwama2UCh6A0PButG6JSXtfGJBBwhZRt2kp1xpvfPPp0GRsmpvlTOATxYauhJ50260+FHZKaO+tu9XP3/6gNoZGJsGAbpzf6MMTQI/P/z7j5Ql629ZZFOuxOZIjrmJpkDKVlv3bC9RVZn3NrCxiQMfQ== alwang85@gmail.com",
            "tags": null
          },
          "private": "eyJzY2hlbWFfdmVyc2lvbiI6IjEifQ=="
        }
      ]
    },
    {
      "mode": "managed",
      "type": "aws_lb",
      "name": "control_plane",
      "provider": "provider.aws",
      "instances": [
        {
          "schema_version": 0,
          "attributes": {
            "access_logs": [
              {
                "bucket": "",
                "enabled": false,
                "prefix": ""
              }
            ],
            "arn": "arn:aws:elasticloadbalancing:us-east-1:411627724078:loadbalancer/net/alwang85-udagram-demo-api-lb/7c03523d5597e977",
            "arn_suffix": "net/alwang85-udagram-demo-api-lb/7c03523d5597e977",
            "dns_name": "alwang85-udagram-demo-api-lb-7c03523d5597e977.elb.us-east-1.amazonaws.com",
            "enable_cross_zone_load_balancing": false,
            "enable_deletion_protection": false,
            "enable_http2": null,
            "id": "arn:aws:elasticloadbalancing:us-east-1:411627724078:loadbalancer/net/alwang85-udagram-demo-api-lb/7c03523d5597e977",
            "idle_timeout": null,
            "internal": false,
            "ip_address_type": "ipv4",
            "load_balancer_type": "network",
            "name": "alwang85-udagram-demo-api-lb",
            "name_prefix": null,
            "security_groups": [],
            "subnet_mapping": [
              {
                "allocation_id": "",
                "subnet_id": "subnet-23766644"
              },
              {
                "allocation_id": "",
                "subnet_id": "subnet-a7c1dcfb"
              },
              {
                "allocation_id": "",
                "subnet_id": "subnet-d87ddd95"
              }
            ],
            "subnets": [
              "subnet-23766644",
              "subnet-a7c1dcfb",
              "subnet-d87ddd95"
            ],
            "tags": {
              "Cluster": "alwang85-udagram-demo",
              "kubernetes.io/cluster/alwang85-udagram-demo": "shared"
            },
            "timeouts": null,
            "vpc_id": "vpc-fb7a5681",
            "zone_id": "Z26RNL4JYFTOTI"
          },
          "private": "eyJlMmJmYjczMC1lY2FhLTExZTYtOGY4OC0zNDM2M2JjN2M0YzAiOnsiY3JlYXRlIjo2MDAwMDAwMDAwMDAsImRlbGV0ZSI6NjAwMDAwMDAwMDAwLCJ1cGRhdGUiOjYwMDAwMDAwMDAwMH19",
          "dependencies": [
            "aws_default_vpc.default"
          ]
        }
      ]
    },
    {
      "mode": "managed",
      "type": "aws_lb_listener",
      "name": "control_plane_api",
      "provider": "provider.aws",
      "instances": [
        {
          "schema_version": 0,
          "attributes": {
            "arn": "arn:aws:elasticloadbalancing:us-east-1:411627724078:listener/net/alwang85-udagram-demo-api-lb/7c03523d5597e977/f18e97337a54c25e",
            "certificate_arn": null,
            "default_action": [
              {
                "authenticate_cognito": [],
                "authenticate_oidc": [],
                "fixed_response": [],
                "order": 1,
                "redirect": [],
                "target_group_arn": "arn:aws:elasticloadbalancing:us-east-1:411627724078:targetgroup/alwang85-udagram-demo-api/b16ac2de23e57f7a",
                "type": "forward"
              }
            ],
            "id": "arn:aws:elasticloadbalancing:us-east-1:411627724078:listener/net/alwang85-udagram-demo-api-lb/7c03523d5597e977/f18e97337a54c25e",
            "load_balancer_arn": "arn:aws:elasticloadbalancing:us-east-1:411627724078:loadbalancer/net/alwang85-udagram-demo-api-lb/7c03523d5597e977",
            "port": 6443,
            "protocol": "TCP",
            "ssl_policy": "",
            "timeouts": null
          },
          "private": "eyJlMmJmYjczMC1lY2FhLTExZTYtOGY4OC0zNDM2M2JjN2M0YzAiOnsicmVhZCI6NjAwMDAwMDAwMDAwfX0=",
          "dependencies": [
            "aws_default_vpc.default",
            "aws_lb.control_plane",
            "aws_lb_target_group.control_plane_api"
          ]
        }
      ]
    },
    {
      "mode": "managed",
      "type": "aws_lb_target_group",
      "name": "control_plane_api",
      "provider": "provider.aws",
      "instances": [
        {
          "schema_version": 0,
          "attributes": {
            "arn": "arn:aws:elasticloadbalancing:us-east-1:411627724078:targetgroup/alwang85-udagram-demo-api/b16ac2de23e57f7a",
            "arn_suffix": "targetgroup/alwang85-udagram-demo-api/b16ac2de23e57f7a",
            "deregistration_delay": 300,
            "health_check": [
              {
                "enabled": true,
                "healthy_threshold": 3,
                "interval": 30,
                "matcher": "",
                "path": "",
                "port": "traffic-port",
                "protocol": "TCP",
                "timeout": 10,
                "unhealthy_threshold": 3
              }
            ],
            "id": "arn:aws:elasticloadbalancing:us-east-1:411627724078:targetgroup/alwang85-udagram-demo-api/b16ac2de23e57f7a",
            "lambda_multi_value_headers_enabled": false,
            "name": "alwang85-udagram-demo-api",
            "name_prefix": null,
            "port": 6443,
            "protocol": "TCP",
            "proxy_protocol_v2": false,
            "slow_start": 0,
            "stickiness": [],
            "tags": null,
            "target_type": "instance",
            "vpc_id": "vpc-fb7a5681"
          },
          "private": "bnVsbA==",
          "dependencies": [
            "aws_default_vpc.default"
          ]
        }
      ]
    },
    {
      "mode": "managed",
      "type": "aws_lb_target_group_attachment",
      "name": "control_plane_api",
      "each": "list",
      "provider": "provider.aws",
      "instances": [
        {
          "index_key": 0,
          "schema_version": 0,
          "attributes": {
            "availability_zone": null,
            "id": "arn:aws:elasticloadbalancing:us-east-1:411627724078:targetgroup/alwang85-udagram-demo-api/b16ac2de23e57f7a-20200217061028097400000002",
            "port": 6443,
            "target_group_arn": "arn:aws:elasticloadbalancing:us-east-1:411627724078:targetgroup/alwang85-udagram-demo-api/b16ac2de23e57f7a",
            "target_id": "i-0e695164f4616a34d"
          },
          "private": "bnVsbA==",
          "dependencies": [
            "aws_default_vpc.default",
            "aws_iam_instance_profile.profile",
            "aws_iam_role.role",
            "aws_instance.control_plane",
            "aws_key_pair.deployer",
            "aws_lb_target_group.control_plane_api",
            "aws_security_group.common",
            "aws_security_group.control_plane"
          ]
        },
        {
          "index_key": 1,
          "schema_version": 0,
          "attributes": {
            "availability_zone": null,
            "id": "arn:aws:elasticloadbalancing:us-east-1:411627724078:targetgroup/alwang85-udagram-demo-api/b16ac2de23e57f7a-20200217061028120900000003",
            "port": 6443,
            "target_group_arn": "arn:aws:elasticloadbalancing:us-east-1:411627724078:targetgroup/alwang85-udagram-demo-api/b16ac2de23e57f7a",
            "target_id": "i-0942c660677479f0c"
          },
          "private": "bnVsbA==",
          "dependencies": [
            "aws_default_vpc.default",
            "aws_iam_instance_profile.profile",
            "aws_iam_role.role",
            "aws_instance.control_plane",
            "aws_key_pair.deployer",
            "aws_lb_target_group.control_plane_api",
            "aws_security_group.common",
            "aws_security_group.control_plane"
          ]
        },
        {
          "index_key": 2,
          "schema_version": 0,
          "attributes": {
            "availability_zone": null,
            "id": "arn:aws:elasticloadbalancing:us-east-1:411627724078:targetgroup/alwang85-udagram-demo-api/b16ac2de23e57f7a-20200217061028062800000001",
            "port": 6443,
            "target_group_arn": "arn:aws:elasticloadbalancing:us-east-1:411627724078:targetgroup/alwang85-udagram-demo-api/b16ac2de23e57f7a",
            "target_id": "i-0b3bc67325dc64103"
          },
          "private": "bnVsbA==",
          "dependencies": [
            "aws_default_vpc.default",
            "aws_iam_instance_profile.profile",
            "aws_iam_role.role",
            "aws_instance.control_plane",
            "aws_key_pair.deployer",
            "aws_lb_target_group.control_plane_api",
            "aws_security_group.common",
            "aws_security_group.control_plane"
          ]
        }
      ]
    },
    {
      "mode": "managed",
      "type": "aws_security_group",
      "name": "common",
      "provider": "provider.aws",
      "instances": [
        {
          "schema_version": 1,
          "attributes": {
            "arn": "arn:aws:ec2:us-east-1:411627724078:security-group/sg-02b6f7468f68af18c",
            "description": "cluster common rules",
            "egress": [
              {
                "cidr_blocks": [
                  "0.0.0.0/0"
                ],
                "description": "",
                "from_port": 0,
                "ipv6_cidr_blocks": [],
                "prefix_list_ids": [],
                "protocol": "-1",
                "security_groups": [],
                "self": false,
                "to_port": 0
              }
            ],
            "id": "sg-02b6f7468f68af18c",
            "ingress": [
              {
                "cidr_blocks": [
                  "0.0.0.0/0"
                ],
                "description": "",
                "from_port": 22,
                "ipv6_cidr_blocks": [],
                "prefix_list_ids": [],
                "protocol": "tcp",
                "security_groups": [],
                "self": false,
                "to_port": 22
              },
              {
                "cidr_blocks": [],
                "description": "",
                "from_port": 0,
                "ipv6_cidr_blocks": [],
                "prefix_list_ids": [],
                "protocol": "-1",
                "security_groups": [],
                "self": true,
                "to_port": 0
              }
            ],
            "name": "alwang85-udagram-demo-common",
            "name_prefix": null,
            "owner_id": "411627724078",
            "revoke_rules_on_delete": false,
            "tags": {
              "kubernetes.io/cluster/alwang85-udagram-demo": "shared"
            },
            "timeouts": null,
            "vpc_id": "vpc-fb7a5681"
          },
          "private": "eyJlMmJmYjczMC1lY2FhLTExZTYtOGY4OC0zNDM2M2JjN2M0YzAiOnsiY3JlYXRlIjo2MDAwMDAwMDAwMDAsImRlbGV0ZSI6NjAwMDAwMDAwMDAwfSwic2NoZW1hX3ZlcnNpb24iOiIxIn0=",
          "dependencies": [
            "aws_default_vpc.default"
          ]
        }
      ]
    },
    {
      "mode": "managed",
      "type": "aws_security_group",
      "name": "control_plane",
      "provider": "provider.aws",
      "instances": [
        {
          "schema_version": 1,
          "attributes": {
            "arn": "arn:aws:ec2:us-east-1:411627724078:security-group/sg-0e39e3060d2001233",
            "description": "cluster control_planes",
            "egress": [],
            "id": "sg-0e39e3060d2001233",
            "ingress": [
              {
                "cidr_blocks": [
                  "0.0.0.0/0"
                ],
                "description": "",
                "from_port": 6443,
                "ipv6_cidr_blocks": [],
                "prefix_list_ids": [],
                "protocol": "tcp",
                "security_groups": [],
                "self": false,
                "to_port": 6443
              }
            ],
            "name": "alwang85-udagram-demo-control_planes",
            "name_prefix": null,
            "owner_id": "411627724078",
            "revoke_rules_on_delete": false,
            "tags": {
              "kubernetes.io/cluster/alwang85-udagram-demo": "shared"
            },
            "timeouts": null,
            "vpc_id": "vpc-fb7a5681"
          },
          "private": "eyJlMmJmYjczMC1lY2FhLTExZTYtOGY4OC0zNDM2M2JjN2M0YzAiOnsiY3JlYXRlIjo2MDAwMDAwMDAwMDAsImRlbGV0ZSI6NjAwMDAwMDAwMDAwfSwic2NoZW1hX3ZlcnNpb24iOiIxIn0=",
          "dependencies": [
            "aws_default_vpc.default"
          ]
        }
      ]
    }
  ]
}
